
Microsoft Visual Studio Solution File, Format Version 11.00
# Visual Studio 2010
Project("{8BC9CEB8-8B4A-11D0-8D11-00A0C91BC942}") = "Referee", "Referee.vcxproj", "{561FD016-CF74-41CE-9ED5-A7FEBAC1321A}"
EndProject
Global
	GlobalSection(SolutionConfigurationPlatforms) = preSolution
		Debug|Win32 = Debug|Win32
		Release|Win32 = Release|Win32
	EndGlobalSection
	GlobalSection(ProjectConfigurationPlatforms) = postSolution
		{561FD016-CF74-41CE-9ED5-A7FEBAC1321A}.Debug|Win32.ActiveCfg = Debug|Win32
		{561FD016-CF74-41CE-9ED5-A7FEBAC1321A}.Debug|Win32.Build.0 = Debug|Win32
		{561FD016-CF74-41CE-9ED5-A7FEBAC1321A}.Release|Win32.ActiveCfg = Release|Win32
		{561FD016-CF74-41CE-9ED5-A7FEBAC1321A}.Release|Win32.Build.0 = Release|Win32
	EndGlobalSection
	GlobalSection(SolutionProperties) = preSolution
		HideSolutionNode = FALSE
	EndGlobalSection
EndGlobal
